
Microsoft Visual Studio Solution File, Format Version 12.00
# Visual Studio Version 16
VisualStudioVersion = 16.0.29311.281
MinimumVisualStudioVersion = 10.0.40219.1
Project("{9A19103F-16F7-4668-BE54-9A1E7A4F7556}") = "CzechMapGame.Server", "CzechMapGame\CzechMapGame.Server\CzechMapGame.Server.csproj", "{09065B96-BA68-4D94-B926-9558C92CA1ED}"
EndProject
Project("{9A19103F-16F7-4668-BE54-9A1E7A4F7556}") = "CzechMapGame.Client", "CzechMapGame\CzechMapGame.Client\CzechMapGame.Client.csproj", "{76F4C7F5-BA31-4981-9648-14616E27D66E}"
EndProject
Project("{9A19103F-16F7-4668-BE54-9A1E7A4F7556}") = "CzechMapGame.Shared", "CzechMapGame\CzechMapGame.Shared\CzechMapGame.Shared.csproj", "{0748618A-4003-4C34-9DEC-F0A8728333DE}"
EndProject
Global
	GlobalSection(SolutionConfigurationPlatforms) = preSolution
		Debug|Any CPU = Debug|Any CPU
		Release|Any CPU = Release|Any CPU
	EndGlobalSection
	GlobalSection(ProjectConfigurationPlatforms) = postSolution
		{09065B96-BA68-4D94-B926-9558C92CA1ED}.Debug|Any CPU.ActiveCfg = Debug|Any CPU
		{09065B96-BA68-4D94-B926-9558C92CA1ED}.Debug|Any CPU.Build.0 = Debug|Any CPU
		{09065B96-BA68-4D94-B926-9558C92CA1ED}.Release|Any CPU.ActiveCfg = Release|Any CPU
		{09065B96-BA68-4D94-B926-9558C92CA1ED}.Release|Any CPU.Build.0 = Release|Any CPU
		{76F4C7F5-BA31-4981-9648-14616E27D66E}.Debug|Any CPU.ActiveCfg = Debug|Any CPU
		{76F4C7F5-BA31-4981-9648-14616E27D66E}.Debug|Any CPU.Build.0 = Debug|Any CPU
		{76F4C7F5-BA31-4981-9648-14616E27D66E}.Release|Any CPU.ActiveCfg = Release|Any CPU
		{76F4C7F5-BA31-4981-9648-14616E27D66E}.Release|Any CPU.Build.0 = Release|Any CPU
		{0748618A-4003-4C34-9DEC-F0A8728333DE}.Debug|Any CPU.ActiveCfg = Debug|Any CPU
		{0748618A-4003-4C34-9DEC-F0A8728333DE}.Debug|Any CPU.Build.0 = Debug|Any CPU
		{0748618A-4003-4C34-9DEC-F0A8728333DE}.Release|Any CPU.ActiveCfg = Release|Any CPU
		{0748618A-4003-4C34-9DEC-F0A8728333DE}.Release|Any CPU.Build.0 = Release|Any CPU
	EndGlobalSection
	GlobalSection(SolutionProperties) = preSolution
		HideSolutionNode = FALSE
	EndGlobalSection
	GlobalSection(ExtensibilityGlobals) = postSolution
		SolutionGuid = {3B69F903-B57D-4862-AF29-791A31C7120A}
	EndGlobalSection
EndGlobal
